<?xml version="1.0" encoding="utf-8"?>
<Project ToolsVersion="4.0" xmlns="http://schemas.microsoft.com/developer/msbuild/2003">
  <ItemGroup>
    <ClCompile Include="Ammo.cpp" />
    <ClCompile Include="Animation.cpp" />
    <ClCompile Include="Bullet.cpp" />
    <ClCompile Include="Button.cpp" />
    <ClCompile Include="Chest.cpp" />
    <ClCompile Include="Ennemy.cpp" />
    <ClCompile Include="Entity.cpp" />
    <ClCompile Include="GameManager.cpp" />
    <ClCompile Include="GameState.cpp" />
    <ClCompile Include="General.cpp" />
    <ClCompile Include="Guard.cpp" />
    <ClCompile Include="Key.cpp" />
    <ClCompile Include="Knife.cpp" />
    <ClCompile Include="main.cpp" />
    <ClCompile Include="Medikit.cpp" />
    <ClCompile Include="Pistol.cpp" />
    <ClCompile Include="Player.cpp" />
    <ClCompile Include="Door.cpp" />
    <ClCompile Include="GrenadeLauncher.cpp" />
    <ClCompile Include="Settings.cpp" />
    <ClCompile Include="Shotgun.cpp" />
    <ClCompile Include="StateGameOverMenu.cpp" />
    <ClCompile Include="StateMainMenu.cpp" />
    <ClCompile Include="StatePauseMenu.cpp" />
    <ClCompile Include="StatePlayGame.cpp" />
    <ClCompile Include="AnimatedVertexArray.cpp" />
    <ClCompile Include="Wall.cpp" />
    <ClCompile Include="Weapon.cpp" />
    <ClCompile Include="PNJ.cpp" />
  </ItemGroup>
  <ItemGroup>
    <ClInclude Include="Ammo.h" />
    <ClInclude Include="Animation.h" />
    <ClInclude Include="Bullet.h" />
    <ClInclude Include="Button.h" />
    <ClInclude Include="Chest.h" />
    <ClInclude Include="Ennemy.h" />
    <ClInclude Include="Entity.h" />
    <ClInclude Include="GameManager.h" />
    <ClInclude Include="GameState.h" />
    <ClInclude Include="General.h" />
    <ClInclude Include="Guard.h" />
    <ClInclude Include="Key.h" />
    <ClInclude Include="Knife.h" />
    <ClInclude Include="Medikit.h" />
    <ClInclude Include="Pistol.h" />
    <ClInclude Include="Player.h" />
    <ClInclude Include="Door.h" />
    <ClInclude Include="GrenadeLauncher.h" />
    <ClInclude Include="Settings.h" />
    <ClInclude Include="Shotgun.h" />
    <ClInclude Include="StateGameOverMenu.h" />
    <ClInclude Include="StateMainMenu.h" />
    <ClInclude Include="StatePauseMenu.h" />
    <ClInclude Include="StatePlayGame.h" />
    <ClInclude Include="AnimatedVertexArray.h" />
    <ClInclude Include="Wall.h" />
    <ClInclude Include="Weapon.h" />
    <ClInclude Include="PNJ.h" />
  </ItemGroup>
  <ItemGroup>
    <None Include="ClassDiagram.cd" />
  </ItemGroup>
</Project>