<?xml version="1.0" encoding="utf-8"?>
<Project ToolsVersion="4.0" xmlns="http://schemas.microsoft.com/developer/msbuild/2003">
  <ItemGroup>
    <ClCompile Include="Ammo.cpp" />
    <ClCompile Include="Animation.cpp" />
    <ClCompile Include="Bullet.cpp" />
    <ClCompile Include="Button.cpp" />
    <ClCompile Include="Chest.cpp" />
    <ClCompile Include="Ennemy.cpp" />
    <ClCompile Include="Entity.cpp" />
    <ClCompile Include="GameManager.cpp" />
    <ClCompile Include="GameState.cpp" />
    <ClCompile Include="General.cpp" />
    <ClCompile Include="Guard.cpp" />
    <ClCompile Include="Key.cpp" />
    <ClCompile Include="Knife.cpp" />
    <ClCompile Include="main.cpp" />
    <ClCompile Include="Medikit.cpp" />
    <ClCompile Include="Pistol.cpp" />
    <ClCompile Include="Player.cpp" />
    <ClCompile Include="Portal.cpp" />
    <ClCompile Include="Door.cpp" />
    <ClCompile Include="GrenadeLauncher.cpp" />
    <ClCompile Include="Settings.cpp" />
    <ClCompile Include="Shotgun.cpp" />
    <ClCompile Include="StateGameOverMenu.cpp" />
    <ClCompile Include="StateMainMenu.cpp" />
    <ClCompile Include="StatePauseMenu.cpp" />
    <ClCompile Include="StatePlayGame.cpp" />
    <ClCompile Include="AnimatedVertexArray.cpp" />
    <ClCompile Include="Wall.cpp" />
    <ClCompile Include="Weapon.cpp" />
  </ItemGroup>
  <ItemGroup>
<<<<<<< HEAD
    <ClCompile Include="main.cpp">
      <Filter>Fichiers sources</Filter>
    </ClCompile>
    <ClCompile Include="GameManager.cpp">
      <Filter>Fichiers sources</Filter>
    </ClCompile>
    <ClCompile Include="GameState.cpp">
      <Filter>Fichiers sources</Filter>
    </ClCompile>
    <ClCompile Include="StateMainMenu.cpp">
      <Filter>Fichiers sources</Filter>
    </ClCompile>
    <ClCompile Include="StatePauseMenu.cpp">
      <Filter>Fichiers sources</Filter>
    </ClCompile>
    <ClCompile Include="StatePlayGame.cpp">
      <Filter>Fichiers sources</Filter>
    </ClCompile>
    <ClCompile Include="Player.cpp">
      <Filter>Fichiers sources</Filter>
    </ClCompile>
    <ClCompile Include="Ennemy.cpp">
      <Filter>Fichiers sources</Filter>
    </ClCompile>
    <ClCompile Include="Weapon.cpp">
      <Filter>Fichiers sources</Filter>
    </ClCompile>
    <ClCompile Include="Button.cpp">
      <Filter>Fichiers sources</Filter>
    </ClCompile>
    <ClCompile Include="StateGameOverMenu.cpp">
      <Filter>Fichiers sources</Filter>
    </ClCompile>
    <ClCompile Include="Animation.cpp">
      <Filter>Fichiers sources</Filter>
    </ClCompile>
    <ClCompile Include="AnimatedVertexArray.cpp">
      <Filter>Fichiers sources</Filter>
    </ClCompile>
    <ClCompile Include="Chest.cpp">
      <Filter>Fichiers sources</Filter>
    </ClCompile>
    <ClCompile Include="Bullet.cpp">
      <Filter>Fichiers sources</Filter>
    </ClCompile>
    <ClCompile Include="Medikit.cpp">
      <Filter>Fichiers sources</Filter>
    </ClCompile>
    <ClCompile Include="Entity.cpp">
      <Filter>Fichiers sources</Filter>
    </ClCompile>
    <ClCompile Include="Ammo.cpp">
      <Filter>Fichiers sources</Filter>
    </ClCompile>
    <ClCompile Include="Key.cpp">
      <Filter>Fichiers sources</Filter>
    </ClCompile>
    <ClCompile Include="Portal.cpp">
      <Filter>Fichiers sources</Filter>
    </ClCompile>
    <ClCompile Include="Knife.cpp">
      <Filter>Fichiers sources</Filter>
    </ClCompile>
    <ClCompile Include="Pistol.cpp">
      <Filter>Fichiers sources</Filter>
    </ClCompile>
    <ClCompile Include="Shotgun.cpp">
      <Filter>Fichiers sources</Filter>
    </ClCompile>
    <ClCompile Include="Uzi.cpp">
<<<<<<< HEAD
=======
<<<<<<< HEAD
    <ClCompile Include="Uzi.cpp">
=======
=======
>>>>>>> master
    <ClCompile Include="Guard.cpp">
      <Filter>Fichiers sources</Filter>
    </ClCompile>
    <ClCompile Include="General.cpp">
<<<<<<< HEAD
>>>>>>> e50dfd0d9fd234e7296e415a95f2324d7b332aef
>>>>>>> master
=======
      <Filter>Fichiers sources</Filter>
    </ClCompile>
<<<<<<< HEAD
    <ClCompile Include="Wall.cpp">
      <Filter>Fichiers sources</Filter>
    </ClCompile>
    <ClCompile Include="Door.cpp">
=======
    <ClCompile Include="Settings.cpp">
>>>>>>> ImplementSettings
      <Filter>Fichiers sources</Filter>
    </ClCompile>
    <ClCompile Include="GrenadeLauncher.cpp">
>>>>>>> master
      <Filter>Fichiers sources</Filter>
    </ClCompile>
  </ItemGroup>
  <ItemGroup>
    <ClInclude Include="GameManager.h">
      <Filter>Fichiers d%27en-tête</Filter>
    </ClInclude>
    <ClInclude Include="GameState.h">
      <Filter>Fichiers d%27en-tête</Filter>
    </ClInclude>
    <ClInclude Include="StateMainMenu.h">
      <Filter>Fichiers d%27en-tête</Filter>
    </ClInclude>
    <ClInclude Include="StatePauseMenu.h">
      <Filter>Fichiers d%27en-tête</Filter>
    </ClInclude>
    <ClInclude Include="StatePlayGame.h">
      <Filter>Fichiers d%27en-tête</Filter>
    </ClInclude>
    <ClInclude Include="Player.h">
      <Filter>Fichiers d%27en-tête</Filter>
    </ClInclude>
    <ClInclude Include="Ennemy.h">
      <Filter>Fichiers d%27en-tête</Filter>
    </ClInclude>
    <ClInclude Include="Weapon.h">
      <Filter>Fichiers d%27en-tête</Filter>
    </ClInclude>
    <ClInclude Include="Button.h">
      <Filter>Fichiers d%27en-tête</Filter>
    </ClInclude>
    <ClInclude Include="StateGameOverMenu.h">
      <Filter>Fichiers d%27en-tête</Filter>
    </ClInclude>
    <ClInclude Include="Animation.h">
      <Filter>Fichiers d%27en-tête</Filter>
    </ClInclude>
    <ClInclude Include="AnimatedVertexArray.h">
      <Filter>Fichiers d%27en-tête</Filter>
    </ClInclude>
    <ClInclude Include="Entity.h">
      <Filter>Fichiers d%27en-tête</Filter>
    </ClInclude>
    <ClInclude Include="Chest.h">
      <Filter>Fichiers d%27en-tête</Filter>
    </ClInclude>
    <ClInclude Include="Bullet.h">
      <Filter>Fichiers d%27en-tête</Filter>
    </ClInclude>
    <ClInclude Include="Medikit.h">
      <Filter>Fichiers d%27en-tête</Filter>
    </ClInclude>
    <ClInclude Include="Ammo.h">
      <Filter>Fichiers d%27en-tête</Filter>
    </ClInclude>
    <ClInclude Include="Key.h">
      <Filter>Fichiers d%27en-tête</Filter>
    </ClInclude>
    <ClInclude Include="Portal.h">
      <Filter>Fichiers d%27en-tête</Filter>
    </ClInclude>
    <ClInclude Include="Knife.h">
      <Filter>Fichiers d%27en-tête</Filter>
    </ClInclude>
    <ClInclude Include="Pistol.h">
      <Filter>Fichiers d%27en-tête</Filter>
    </ClInclude>
    <ClInclude Include="Shotgun.h">
      <Filter>Fichiers d%27en-tête</Filter>
    </ClInclude>
    <ClInclude Include="Uzi.h">
<<<<<<< HEAD
=======
<<<<<<< HEAD
    <ClInclude Include="Uzi.h">
=======
=======
>>>>>>> master
    <ClInclude Include="Guard.h">
      <Filter>Fichiers d%27en-tête</Filter>
    </ClInclude>
    <ClInclude Include="General.h">
<<<<<<< HEAD
>>>>>>> e50dfd0d9fd234e7296e415a95f2324d7b332aef
>>>>>>> master
=======
      <Filter>Fichiers d%27en-tête</Filter>
    </ClInclude>
<<<<<<< HEAD
    <ClInclude Include="Wall.h">
      <Filter>Fichiers d%27en-tête</Filter>
    </ClInclude>
    <ClInclude Include="Door.h">
=======
    <ClInclude Include="Settings.h">
>>>>>>> ImplementSettings
      <Filter>Fichiers d%27en-tête</Filter>
    </ClInclude>
    <ClInclude Include="GrenadeLauncher.h">
>>>>>>> master
      <Filter>Fichiers d%27en-tête</Filter>
    </ClInclude>
=======
    <ClInclude Include="Ammo.h" />
    <ClInclude Include="Animation.h" />
    <ClInclude Include="Bullet.h" />
    <ClInclude Include="Button.h" />
    <ClInclude Include="Chest.h" />
    <ClInclude Include="Ennemy.h" />
    <ClInclude Include="Entity.h" />
    <ClInclude Include="GameManager.h" />
    <ClInclude Include="GameState.h" />
    <ClInclude Include="General.h" />
    <ClInclude Include="Guard.h" />
    <ClInclude Include="Key.h" />
    <ClInclude Include="Knife.h" />
    <ClInclude Include="Medikit.h" />
    <ClInclude Include="Pistol.h" />
    <ClInclude Include="Player.h" />
    <ClInclude Include="Portal.h" />
    <ClInclude Include="Door.h" />
    <ClInclude Include="GrenadeLauncher.h" />
    <ClInclude Include="Settings.h" />
    <ClInclude Include="Shotgun.h" />
    <ClInclude Include="StateGameOverMenu.h" />
    <ClInclude Include="StateMainMenu.h" />
    <ClInclude Include="StatePauseMenu.h" />
    <ClInclude Include="StatePlayGame.h" />
    <ClInclude Include="AnimatedVertexArray.h" />
    <ClInclude Include="Wall.h" />
    <ClInclude Include="Weapon.h" />
>>>>>>> 78ff34d870df046210e181616b813e2f67d8d431
  </ItemGroup>
  <ItemGroup>
    <None Include="ClassDiagram.cd" />
  </ItemGroup>
</Project>